PODS:
  - CHDataStructures (0.0.1)

DEPENDENCIES:
  - CHDataStructures

SPEC REPOS:
  https://github.com/cocoapods/specs.git:
    - CHDataStructures

SPEC CHECKSUMS:
  CHDataStructures: 33fb4295f718c9f259dee433f095f1d34135cf7f

PODFILE CHECKSUM: b3cf4d882b0e3a08d2eb8f3207bd5bc121c81704

COCOAPODS: 1.5.3
